
Microsoft Visual Studio Solution File, Format Version 12.00
# Visual Studio 15
VisualStudioVersion = 15.0.28307.421
MinimumVisualStudioVersion = 10.0.40219.1
Project("{FAE04EC0-301F-11D3-BF4B-00C04F79EFBC}") = "Tic Tac Toe", "Tic Tac Toe\Tic Tac Toe.csproj", "{4F006BED-1574-475C-8F97-D1ED5B2E43B4}"
EndProject
Global
	GlobalSection(SolutionConfigurationPlatforms) = preSolution
		Debug|Any CPU = Debug|Any CPU
		Release|Any CPU = Release|Any CPU
	EndGlobalSection
	GlobalSection(ProjectConfigurationPlatforms) = postSolution
		{4F006BED-1574-475C-8F97-D1ED5B2E43B4}.Debug|Any CPU.ActiveCfg = Debug|Any CPU
		{4F006BED-1574-475C-8F97-D1ED5B2E43B4}.Debug|Any CPU.Build.0 = Debug|Any CPU
		{4F006BED-1574-475C-8F97-D1ED5B2E43B4}.Release|Any CPU.ActiveCfg = Release|Any CPU
		{4F006BED-1574-475C-8F97-D1ED5B2E43B4}.Release|Any CPU.Build.0 = Release|Any CPU
	EndGlobalSection
	GlobalSection(SolutionProperties) = preSolution
		HideSolutionNode = FALSE
	EndGlobalSection
	GlobalSection(ExtensibilityGlobals) = postSolution
		SolutionGuid = {6BC967E6-FA61-4F07-8BE1-EB7235750DE6}
	EndGlobalSection
EndGlobal
